
Microsoft Visual Studio Solution File, Format Version 12.00
# Visual Studio Version 17
VisualStudioVersion = 17.8.34330.188
MinimumVisualStudioVersion = 10.0.40219.1
Project("{9A19103F-16F7-4668-BE54-9A1E7A4F7556}") = "OOP", "OOP\OOP.csproj", "{499674C1-1AB4-4D89-A250-2A42BFA6E5A0}"
EndProject
Project("{FAE04EC0-301F-11D3-BF4B-00C04F79EFBC}") = "Encapsulation", "Encapsulation\Encapsulation.csproj", "{CC3CE5CA-ADAA-46B2-916F-EDE9AE4A305C}"
EndProject
Global
	GlobalSection(SolutionConfigurationPlatforms) = preSolution
		Debug|Any CPU = Debug|Any CPU
		Release|Any CPU = Release|Any CPU
	EndGlobalSection
	GlobalSection(ProjectConfigurationPlatforms) = postSolution
		{499674C1-1AB4-4D89-A250-2A42BFA6E5A0}.Debug|Any CPU.ActiveCfg = Debug|Any CPU
		{499674C1-1AB4-4D89-A250-2A42BFA6E5A0}.Debug|Any CPU.Build.0 = Debug|Any CPU
		{499674C1-1AB4-4D89-A250-2A42BFA6E5A0}.Release|Any CPU.ActiveCfg = Release|Any CPU
		{499674C1-1AB4-4D89-A250-2A42BFA6E5A0}.Release|Any CPU.Build.0 = Release|Any CPU
		{CC3CE5CA-ADAA-46B2-916F-EDE9AE4A305C}.Debug|Any CPU.ActiveCfg = Debug|Any CPU
		{CC3CE5CA-ADAA-46B2-916F-EDE9AE4A305C}.Debug|Any CPU.Build.0 = Debug|Any CPU
		{CC3CE5CA-ADAA-46B2-916F-EDE9AE4A305C}.Release|Any CPU.ActiveCfg = Release|Any CPU
		{CC3CE5CA-ADAA-46B2-916F-EDE9AE4A305C}.Release|Any CPU.Build.0 = Release|Any CPU
	EndGlobalSection
	GlobalSection(SolutionProperties) = preSolution
		HideSolutionNode = FALSE
	EndGlobalSection
	GlobalSection(ExtensibilityGlobals) = postSolution
		SolutionGuid = {7404002D-4F7C-4F86-9818-E0396EC058ED}
	EndGlobalSection
EndGlobal
