
Microsoft Visual Studio Solution File, Format Version 12.00
# Visual Studio Version 17
VisualStudioVersion = 17.8.34330.188
MinimumVisualStudioVersion = 10.0.40219.1
Project("{FAE04EC0-301F-11D3-BF4B-00C04F79EFBC}") = "Classes", "Classes\Classes.csproj", "{FBABEDAB-76FD-4E9F-8E00-0EC6D4C5E530}"
EndProject
Global
	GlobalSection(SolutionConfigurationPlatforms) = preSolution
		Debug|Any CPU = Debug|Any CPU
		Release|Any CPU = Release|Any CPU
	EndGlobalSection
	GlobalSection(ProjectConfigurationPlatforms) = postSolution
		{FBABEDAB-76FD-4E9F-8E00-0EC6D4C5E530}.Debug|Any CPU.ActiveCfg = Debug|Any CPU
		{FBABEDAB-76FD-4E9F-8E00-0EC6D4C5E530}.Debug|Any CPU.Build.0 = Debug|Any CPU
		{FBABEDAB-76FD-4E9F-8E00-0EC6D4C5E530}.Release|Any CPU.ActiveCfg = Release|Any CPU
		{FBABEDAB-76FD-4E9F-8E00-0EC6D4C5E530}.Release|Any CPU.Build.0 = Release|Any CPU
	EndGlobalSection
	GlobalSection(SolutionProperties) = preSolution
		HideSolutionNode = FALSE
	EndGlobalSection
	GlobalSection(ExtensibilityGlobals) = postSolution
		SolutionGuid = {022A958C-398A-4637-BF58-C4F3C640737E}
	EndGlobalSection
EndGlobal
