
Microsoft Visual Studio Solution File, Format Version 12.00
# Visual Studio Version 17
VisualStudioVersion = 17.8.34330.188
MinimumVisualStudioVersion = 10.0.40219.1
Project("{FAE04EC0-301F-11D3-BF4B-00C04F79EFBC}") = "PGShop", "PGShop\PGShop.csproj", "{BBF6E8D7-AA74-4D93-AD38-25B204C0699C}"
EndProject
Global
	GlobalSection(SolutionConfigurationPlatforms) = preSolution
		Debug|Any CPU = Debug|Any CPU
		Release|Any CPU = Release|Any CPU
	EndGlobalSection
	GlobalSection(ProjectConfigurationPlatforms) = postSolution
		{BBF6E8D7-AA74-4D93-AD38-25B204C0699C}.Debug|Any CPU.ActiveCfg = Debug|Any CPU
		{BBF6E8D7-AA74-4D93-AD38-25B204C0699C}.Debug|Any CPU.Build.0 = Debug|Any CPU
		{BBF6E8D7-AA74-4D93-AD38-25B204C0699C}.Release|Any CPU.ActiveCfg = Release|Any CPU
		{BBF6E8D7-AA74-4D93-AD38-25B204C0699C}.Release|Any CPU.Build.0 = Release|Any CPU
	EndGlobalSection
	GlobalSection(SolutionProperties) = preSolution
		HideSolutionNode = FALSE
	EndGlobalSection
	GlobalSection(ExtensibilityGlobals) = postSolution
		SolutionGuid = {8AD48D40-6B15-442B-B47B-4AD592F13EA7}
	EndGlobalSection
EndGlobal
